
Microsoft Visual Studio Solution File, Format Version 12.00
# Visual Studio Version 16
VisualStudioVersion = 16.0.30517.126
MinimumVisualStudioVersion = 10.0.40219.1
Project("{FAE04EC0-301F-11D3-BF4B-00C04F79EFBC}") = "FootTracker.Api", "FootTracker.Api\FootTracker.Api.csproj", "{50169BF5-0C2C-4EE6-AEDD-253D087E7646}"
EndProject
Global
	GlobalSection(SolutionConfigurationPlatforms) = preSolution
		Debug|Any CPU = Debug|Any CPU
		Release|Any CPU = Release|Any CPU
	EndGlobalSection
	GlobalSection(ProjectConfigurationPlatforms) = postSolution
		{50169BF5-0C2C-4EE6-AEDD-253D087E7646}.Debug|Any CPU.ActiveCfg = Debug|Any CPU
		{50169BF5-0C2C-4EE6-AEDD-253D087E7646}.Debug|Any CPU.Build.0 = Debug|Any CPU
		{50169BF5-0C2C-4EE6-AEDD-253D087E7646}.Release|Any CPU.ActiveCfg = Release|Any CPU
		{50169BF5-0C2C-4EE6-AEDD-253D087E7646}.Release|Any CPU.Build.0 = Release|Any CPU
	EndGlobalSection
	GlobalSection(SolutionProperties) = preSolution
		HideSolutionNode = FALSE
	EndGlobalSection
	GlobalSection(ExtensibilityGlobals) = postSolution
		SolutionGuid = {B98D533F-A545-48F0-9ECC-25335576B88A}
	EndGlobalSection
EndGlobal
